
Microsoft Visual Studio Solution File, Format Version 12.00
# Visual Studio 15
VisualStudioVersion = 15.0.27004.2009
MinimumVisualStudioVersion = 10.0.40219.1
Project("{8BC9CEB8-8B4A-11D0-8D11-00A0C91BC942}") = "fmo_core", "fmo_core\fmo_core.vcxproj", "{00BA130D-2612-417F-BE65-3A89FCDC782D}"
EndProject
Global
	GlobalSection(SolutionConfigurationPlatforms) = preSolution
		Debug|x64 = Debug|x64
		Debug|x86 = Debug|x86
		Release|x64 = Release|x64
		Release|x86 = Release|x86
	EndGlobalSection
	GlobalSection(ProjectConfigurationPlatforms) = postSolution
		{00BA130D-2612-417F-BE65-3A89FCDC782D}.Debug|x64.ActiveCfg = Debug|x64
		{00BA130D-2612-417F-BE65-3A89FCDC782D}.Debug|x64.Build.0 = Debug|x64
		{00BA130D-2612-417F-BE65-3A89FCDC782D}.Debug|x86.ActiveCfg = Debug|Win32
		{00BA130D-2612-417F-BE65-3A89FCDC782D}.Debug|x86.Build.0 = Debug|Win32
		{00BA130D-2612-417F-BE65-3A89FCDC782D}.Release|x64.ActiveCfg = Release|x64
		{00BA130D-2612-417F-BE65-3A89FCDC782D}.Release|x64.Build.0 = Release|x64
		{00BA130D-2612-417F-BE65-3A89FCDC782D}.Release|x86.ActiveCfg = Release|Win32
		{00BA130D-2612-417F-BE65-3A89FCDC782D}.Release|x86.Build.0 = Release|Win32
	EndGlobalSection
	GlobalSection(SolutionProperties) = preSolution
		HideSolutionNode = FALSE
	EndGlobalSection
	GlobalSection(ExtensibilityGlobals) = postSolution
		SolutionGuid = {F3026B61-5F7E-442C-A48E-FA751756A296}
	EndGlobalSection
EndGlobal
