// !$*UTF8*$!
{
	archiveVersion = 1;
	classes = {
	};
	objectVersion = 50;
	objects = {

/* Begin PBXBuildFile section */
		C1EBB2D32661867400A2F6EB /* CoreFoundation.framework in Frameworks */ = {isa = PBXBuildFile; fileRef = C1EBB2D22661867400A2F6EB /* CoreFoundation.framework */; };
		C1EBB2DA2661868F00A2F6EB /* synthlabcore.cpp in Sources */ = {isa = PBXBuildFile; fileRef = C1EBB2D62661868F00A2F6EB /* synthlabcore.cpp */; };
		C1EBB2DB2661868F00A2F6EB /* synthlabcore.h in Headers */ = {isa = PBXBuildFile; fileRef = C1EBB2D72661868F00A2F6EB /* synthlabcore.h */; };
		C1EBB2DC2661868F00A2F6EB /* synthlabdll.h in Headers */ = {isa = PBXBuildFile; fileRef = C1EBB2D82661868F00A2F6EB /* synthlabdll.h */; };
		C1EBB2DD2661868F00A2F6EB /* synthlabdll.cpp in Sources */ = {isa = PBXBuildFile; fileRef = C1EBB2D92661868F00A2F6EB /* synthlabdll.cpp */; };
		C1EBB2FC266186A000A2F6EB /* synthconstants.h in Headers */ = {isa = PBXBuildFile; fileRef = C1EBB2E02661869F00A2F6EB /* synthconstants.h */; };
		C1EBB2FE266186A000A2F6EB /* bleptables.h in Headers */ = {isa = PBXBuildFile; fileRef = C1EBB2E22661869F00A2F6EB /* bleptables.h */; };
		C1EBB2FF266186A000A2F6EB /* synthlabwtsource.h in Headers */ = {isa = PBXBuildFile; fileRef = C1EBB2E32661869F00A2F6EB /* synthlabwtsource.h */; };
		C1EBB300266186A000A2F6EB /* synthbase.h in Headers */ = {isa = PBXBuildFile; fileRef = C1EBB2E42661869F00A2F6EB /* synthbase.h */; };
		C1EBB303266186A000A2F6EB /* basiclookuptables.cpp in Sources */ = {isa = PBXBuildFile; fileRef = C1EBB2E7266186A000A2F6EB /* basiclookuptables.cpp */; };
		C1EBB306266186A000A2F6EB /* synthbase.cpp in Sources */ = {isa = PBXBuildFile; fileRef = C1EBB2EA266186A000A2F6EB /* synthbase.cpp */; };
		C1EBB307266186A000A2F6EB /* synthlabparams.h in Headers */ = {isa = PBXBuildFile; fileRef = C1EBB2EB266186A000A2F6EB /* synthlabparams.h */; };
		C1EBB309266186A000A2F6EB /* synthfunctions.h in Headers */ = {isa = PBXBuildFile; fileRef = C1EBB2ED266186A000A2F6EB /* synthfunctions.h */; };
		C1EBB30B266186A000A2F6EB /* sinetablesource.h in Headers */ = {isa = PBXBuildFile; fileRef = C1EBB2EF266186A000A2F6EB /* sinetablesource.h */; };
		C1EBB30C266186A000A2F6EB /* basiclookuptables.h in Headers */ = {isa = PBXBuildFile; fileRef = C1EBB2F0266186A000A2F6EB /* basiclookuptables.h */; };
		C1EBB30F266186A000A2F6EB /* synthlabpcmsource.h in Headers */ = {isa = PBXBuildFile; fileRef = C1EBB2F3266186A000A2F6EB /* synthlabpcmsource.h */; };
		C1EBB312266186A000A2F6EB /* dynamictablesource.h in Headers */ = {isa = PBXBuildFile; fileRef = C1EBB2F6266186A000A2F6EB /* dynamictablesource.h */; };
		C1EBB313266186A000A2F6EB /* synthstructures.h in Headers */ = {isa = PBXBuildFile; fileRef = C1EBB2F7266186A000A2F6EB /* synthstructures.h */; };
		C1EC45D5266C11DE001D2DDB /* morph_wt.dylib in CopyFiles */ = {isa = PBXBuildFile; fileRef = C1EBB2C92661865B00A2F6EB /* morph_wt.dylib */; };
/* End PBXBuildFile section */

/* Begin PBXCopyFilesBuildPhase section */
		C1EC45D4266C11D6001D2DDB /* CopyFiles */ = {
			isa = PBXCopyFilesBuildPhase;
			buildActionMask = 2147483647;
			dstPath = "$(SRCROOT)/../../../dm_modules/x64/SynthLabModules/macos/oscillators";
			dstSubfolderSpec = 0;
			files = (
				C1EC45D5266C11DE001D2DDB /* morph_wt.dylib in CopyFiles */,
			);
			runOnlyForDeploymentPostprocessing = 0;
		};
/* End PBXCopyFilesBuildPhase section */

/* Begin PBXFileReference section */
		C1EBB2C92661865B00A2F6EB /* morph_wt.dylib */ = {isa = PBXFileReference; explicitFileType = "compiled.mach-o.dylib"; includeInIndex = 0; path = morph_wt.dylib; sourceTree = BUILT_PRODUCTS_DIR; };
		C1EBB2D22661867400A2F6EB /* CoreFoundation.framework */ = {isa = PBXFileReference; lastKnownFileType = wrapper.framework; name = CoreFoundation.framework; path = System/Library/Frameworks/CoreFoundation.framework; sourceTree = SDKROOT; };
		C1EBB2D62661868F00A2F6EB /* synthlabcore.cpp */ = {isa = PBXFileReference; fileEncoding = 4; lastKnownFileType = sourcecode.cpp.cpp; name = synthlabcore.cpp; path = ../source/synthlabcore.cpp; sourceTree = "<group>"; };
		C1EBB2D72661868F00A2F6EB /* synthlabcore.h */ = {isa = PBXFileReference; fileEncoding = 4; lastKnownFileType = sourcecode.c.h; name = synthlabcore.h; path = ../source/synthlabcore.h; sourceTree = "<group>"; };
		C1EBB2D82661868F00A2F6EB /* synthlabdll.h */ = {isa = PBXFileReference; fileEncoding = 4; lastKnownFileType = sourcecode.c.h; name = synthlabdll.h; path = ../source/synthlabdll.h; sourceTree = "<group>"; };
		C1EBB2D92661868F00A2F6EB /* synthlabdll.cpp */ = {isa = PBXFileReference; fileEncoding = 4; lastKnownFileType = sourcecode.cpp.cpp; name = synthlabdll.cpp; path = ../source/synthlabdll.cpp; sourceTree = "<group>"; };
		C1EBB2E02661869F00A2F6EB /* synthconstants.h */ = {isa = PBXFileReference; fileEncoding = 4; lastKnownFileType = sourcecode.c.h; name = synthconstants.h; path = ../../../sdk_files/synthconstants.h; sourceTree = "<group>"; };
		C1EBB2E22661869F00A2F6EB /* bleptables.h */ = {isa = PBXFileReference; fileEncoding = 4; lastKnownFileType = sourcecode.c.h; name = bleptables.h; path = ../../../sdk_files/bleptables.h; sourceTree = "<group>"; };
		C1EBB2E32661869F00A2F6EB /* synthlabwtsource.h */ = {isa = PBXFileReference; fileEncoding = 4; lastKnownFileType = sourcecode.c.h; name = synthlabwtsource.h; path = ../../../sdk_files/synthlabwtsource.h; sourceTree = "<group>"; };
		C1EBB2E42661869F00A2F6EB /* synthbase.h */ = {isa = PBXFileReference; fileEncoding = 4; lastKnownFileType = sourcecode.c.h; name = synthbase.h; path = ../../../sdk_files/synthbase.h; sourceTree = "<group>"; };
		C1EBB2E7266186A000A2F6EB /* basiclookuptables.cpp */ = {isa = PBXFileReference; fileEncoding = 4; lastKnownFileType = sourcecode.cpp.cpp; name = basiclookuptables.cpp; path = ../../../sdk_files/basiclookuptables.cpp; sourceTree = "<group>"; };
		C1EBB2EA266186A000A2F6EB /* synthbase.cpp */ = {isa = PBXFileReference; fileEncoding = 4; lastKnownFileType = sourcecode.cpp.cpp; name = synthbase.cpp; path = ../../../sdk_files/synthbase.cpp; sourceTree = "<group>"; };
		C1EBB2EB266186A000A2F6EB /* synthlabparams.h */ = {isa = PBXFileReference; fileEncoding = 4; lastKnownFileType = sourcecode.c.h; name = synthlabparams.h; path = ../../../sdk_files/synthlabparams.h; sourceTree = "<group>"; };
		C1EBB2ED266186A000A2F6EB /* synthfunctions.h */ = {isa = PBXFileReference; fileEncoding = 4; lastKnownFileType = sourcecode.c.h; name = synthfunctions.h; path = ../../../sdk_files/synthfunctions.h; sourceTree = "<group>"; };
		C1EBB2EF266186A000A2F6EB /* sinetablesource.h */ = {isa = PBXFileReference; fileEncoding = 4; lastKnownFileType = sourcecode.c.h; name = sinetablesource.h; path = ../../../sdk_files/sinetablesource.h; sourceTree = "<group>"; };
		C1EBB2F0266186A000A2F6EB /* basiclookuptables.h */ = {isa = PBXFileReference; fileEncoding = 4; lastKnownFileType = sourcecode.c.h; name = basiclookuptables.h; path = ../../../sdk_files/basiclookuptables.h; sourceTree = "<group>"; };
		C1EBB2F3266186A000A2F6EB /* synthlabpcmsource.h */ = {isa = PBXFileReference; fileEncoding = 4; lastKnownFileType = sourcecode.c.h; name = synthlabpcmsource.h; path = ../../../sdk_files/synthlabpcmsource.h; sourceTree = "<group>"; };
		C1EBB2F6266186A000A2F6EB /* dynamictablesource.h */ = {isa = PBXFileReference; fileEncoding = 4; lastKnownFileType = sourcecode.c.h; name = dynamictablesource.h; path = ../../../sdk_files/dynamictablesource.h; sourceTree = "<group>"; };
		C1EBB2F7266186A000A2F6EB /* synthstructures.h */ = {isa = PBXFileReference; fileEncoding = 4; lastKnownFileType = sourcecode.c.h; name = synthstructures.h; path = ../../../sdk_files/synthstructures.h; sourceTree = "<group>"; };
/* End PBXFileReference section */

/* Begin PBXFrameworksBuildPhase section */
		C1EBB2C72661865B00A2F6EB /* Frameworks */ = {
			isa = PBXFrameworksBuildPhase;
			buildActionMask = 2147483647;
			files = (
				C1EBB2D32661867400A2F6EB /* CoreFoundation.framework in Frameworks */,
			);
			runOnlyForDeploymentPostprocessing = 0;
		};
/* End PBXFrameworksBuildPhase section */

/* Begin PBXGroup section */
		C1EBB2C02661865B00A2F6EB = {
			isa = PBXGroup;
			children = (
				C1EBB2D52661868000A2F6EB /* module_core */,
				C1EBB2D42661867C00A2F6EB /* sdk_files */,
				C1EBB2CA2661865B00A2F6EB /* Products */,
				C1EBB2D12661867400A2F6EB /* Frameworks */,
			);
			sourceTree = "<group>";
		};
		C1EBB2CA2661865B00A2F6EB /* Products */ = {
			isa = PBXGroup;
			children = (
				C1EBB2C92661865B00A2F6EB /* morph_wt.dylib */,
			);
			name = Products;
			sourceTree = "<group>";
		};
		C1EBB2D12661867400A2F6EB /* Frameworks */ = {
			isa = PBXGroup;
			children = (
				C1EBB2D22661867400A2F6EB /* CoreFoundation.framework */,
			);
			name = Frameworks;
			sourceTree = "<group>";
		};
		C1EBB2D42661867C00A2F6EB /* sdk_files */ = {
			isa = PBXGroup;
			children = (
				C1EBB2E7266186A000A2F6EB /* basiclookuptables.cpp */,
				C1EBB2F0266186A000A2F6EB /* basiclookuptables.h */,
				C1EBB2E22661869F00A2F6EB /* bleptables.h */,
				C1EBB2F6266186A000A2F6EB /* dynamictablesource.h */,
				C1EBB2EF266186A000A2F6EB /* sinetablesource.h */,
				C1EBB2EA266186A000A2F6EB /* synthbase.cpp */,
				C1EBB2E42661869F00A2F6EB /* synthbase.h */,
				C1EBB2E02661869F00A2F6EB /* synthconstants.h */,
				C1EBB2ED266186A000A2F6EB /* synthfunctions.h */,
				C1EBB2EB266186A000A2F6EB /* synthlabparams.h */,
				C1EBB2F3266186A000A2F6EB /* synthlabpcmsource.h */,
				C1EBB2E32661869F00A2F6EB /* synthlabwtsource.h */,
				C1EBB2F7266186A000A2F6EB /* synthstructures.h */,
			);
			name = sdk_files;
			sourceTree = "<group>";
		};
		C1EBB2D52661868000A2F6EB /* module_core */ = {
			isa = PBXGroup;
			children = (
				C1EBB2D62661868F00A2F6EB /* synthlabcore.cpp */,
				C1EBB2D72661868F00A2F6EB /* synthlabcore.h */,
				C1EBB2D92661868F00A2F6EB /* synthlabdll.cpp */,
				C1EBB2D82661868F00A2F6EB /* synthlabdll.h */,
			);
			name = module_core;
			sourceTree = "<group>";
		};
/* End PBXGroup section */

/* Begin PBXHeadersBuildPhase section */
		C1EBB2C52661865B00A2F6EB /* Headers */ = {
			isa = PBXHeadersBuildPhase;
			buildActionMask = 2147483647;
			files = (
				C1EBB2FE266186A000A2F6EB /* bleptables.h in Headers */,
				C1EBB30B266186A000A2F6EB /* sinetablesource.h in Headers */,
				C1EBB2FF266186A000A2F6EB /* synthlabwtsource.h in Headers */,
				C1EBB313266186A000A2F6EB /* synthstructures.h in Headers */,
				C1EBB307266186A000A2F6EB /* synthlabparams.h in Headers */,
				C1EBB2DC2661868F00A2F6EB /* synthlabdll.h in Headers */,
				C1EBB309266186A000A2F6EB /* synthfunctions.h in Headers */,
				C1EBB30C266186A000A2F6EB /* basiclookuptables.h in Headers */,
				C1EBB2DB2661868F00A2F6EB /* synthlabcore.h in Headers */,
				C1EBB300266186A000A2F6EB /* synthbase.h in Headers */,
				C1EBB2FC266186A000A2F6EB /* synthconstants.h in Headers */,
				C1EBB312266186A000A2F6EB /* dynamictablesource.h in Headers */,
				C1EBB30F266186A000A2F6EB /* synthlabpcmsource.h in Headers */,
			);
			runOnlyForDeploymentPostprocessing = 0;
		};
/* End PBXHeadersBuildPhase section */

/* Begin PBXNativeTarget section */
		C1EBB2C82661865B00A2F6EB /* morph_wt */ = {
			isa = PBXNativeTarget;
			buildConfigurationList = C1EBB2CD2661865B00A2F6EB /* Build configuration list for PBXNativeTarget "morph_wt" */;
			buildPhases = (
				C1EBB2C52661865B00A2F6EB /* Headers */,
				C1EBB2C62661865B00A2F6EB /* Sources */,
				C1EBB2C72661865B00A2F6EB /* Frameworks */,
				C1EC45D4266C11D6001D2DDB /* CopyFiles */,
			);
			buildRules = (
			);
			dependencies = (
			);
			name = morph_wt;
			productName = morph_wt;
			productReference = C1EBB2C92661865B00A2F6EB /* morph_wt.dylib */;
			productType = "com.apple.product-type.library.dynamic";
		};
/* End PBXNativeTarget section */

/* Begin PBXProject section */
		C1EBB2C12661865B00A2F6EB /* Project object */ = {
			isa = PBXProject;
			attributes = {
				LastUpgradeCheck = 1240;
				TargetAttributes = {
					C1EBB2C82661865B00A2F6EB = {
						CreatedOnToolsVersion = 12.4;
					};
				};
			};
			buildConfigurationList = C1EBB2C42661865B00A2F6EB /* Build configuration list for PBXProject "morph_wt" */;
			compatibilityVersion = "Xcode 9.3";
			developmentRegion = en;
			hasScannedForEncodings = 0;
			knownRegions = (
				en,
				Base,
			);
			mainGroup = C1EBB2C02661865B00A2F6EB;
			productRefGroup = C1EBB2CA2661865B00A2F6EB /* Products */;
			projectDirPath = "";
			projectRoot = "";
			targets = (
				C1EBB2C82661865B00A2F6EB /* morph_wt */,
			);
		};
/* End PBXProject section */

/* Begin PBXSourcesBuildPhase section */
		C1EBB2C62661865B00A2F6EB /* Sources */ = {
			isa = PBXSourcesBuildPhase;
			buildActionMask = 2147483647;
			files = (
				C1EBB2DA2661868F00A2F6EB /* synthlabcore.cpp in Sources */,
				C1EBB2DD2661868F00A2F6EB /* synthlabdll.cpp in Sources */,
				C1EBB303266186A000A2F6EB /* basiclookuptables.cpp in Sources */,
				C1EBB306266186A000A2F6EB /* synthbase.cpp in Sources */,
			);
			runOnlyForDeploymentPostprocessing = 0;
		};
/* End PBXSourcesBuildPhase section */

/* Begin XCBuildConfiguration section */
		C1EBB2CB2661865B00A2F6EB /* Debug */ = {
			isa = XCBuildConfiguration;
			buildSettings = {
				ALWAYS_SEARCH_USER_PATHS = NO;
				CLANG_ANALYZER_NONNULL = YES;
				CLANG_ANALYZER_NUMBER_OBJECT_CONVERSION = YES_AGGRESSIVE;
				CLANG_CXX_LANGUAGE_STANDARD = "gnu++14";
				CLANG_CXX_LIBRARY = "libc++";
				CLANG_ENABLE_MODULES = YES;
				CLANG_ENABLE_OBJC_ARC = YES;
				CLANG_ENABLE_OBJC_WEAK = YES;
				CLANG_WARN_BLOCK_CAPTURE_AUTORELEASING = YES;
				CLANG_WARN_BOOL_CONVERSION = YES;
				CLANG_WARN_COMMA = YES;
				CLANG_WARN_CONSTANT_CONVERSION = YES;
				CLANG_WARN_DEPRECATED_OBJC_IMPLEMENTATIONS = YES;
				CLANG_WARN_DIRECT_OBJC_ISA_USAGE = YES_ERROR;
				CLANG_WARN_DOCUMENTATION_COMMENTS = YES;
				CLANG_WARN_EMPTY_BODY = YES;
				CLANG_WARN_ENUM_CONVERSION = YES;
				CLANG_WARN_INFINITE_RECURSION = YES;
				CLANG_WARN_INT_CONVERSION = YES;
				CLANG_WARN_NON_LITERAL_NULL_CONVERSION = YES;
				CLANG_WARN_OBJC_IMPLICIT_RETAIN_SELF = YES;
				CLANG_WARN_OBJC_LITERAL_CONVERSION = YES;
				CLANG_WARN_OBJC_ROOT_CLASS = YES_ERROR;
				CLANG_WARN_QUOTED_INCLUDE_IN_FRAMEWORK_HEADER = YES;
				CLANG_WARN_RANGE_LOOP_ANALYSIS = YES;
				CLANG_WARN_STRICT_PROTOTYPES = YES;
				CLANG_WARN_SUSPICIOUS_MOVE = YES;
				CLANG_WARN_UNGUARDED_AVAILABILITY = YES_AGGRESSIVE;
				CLANG_WARN_UNREACHABLE_CODE = YES;
				CLANG_WARN__DUPLICATE_METHOD_MATCH = YES;
				COPY_PHASE_STRIP = NO;
				DEBUG_INFORMATION_FORMAT = dwarf;
				ENABLE_STRICT_OBJC_MSGSEND = YES;
				ENABLE_TESTABILITY = YES;
				GCC_C_LANGUAGE_STANDARD = gnu11;
				GCC_DYNAMIC_NO_PIC = NO;
				GCC_NO_COMMON_BLOCKS = YES;
				GCC_OPTIMIZATION_LEVEL = 0;
				GCC_PREPROCESSOR_DEFINITIONS = (
					"DEBUG=1",
					"$(inherited)",
				);
				GCC_WARN_64_TO_32_BIT_CONVERSION = YES;
				GCC_WARN_ABOUT_RETURN_TYPE = YES_ERROR;
				GCC_WARN_UNDECLARED_SELECTOR = YES;
				GCC_WARN_UNINITIALIZED_AUTOS = YES_AGGRESSIVE;
				GCC_WARN_UNUSED_FUNCTION = YES;
				GCC_WARN_UNUSED_VARIABLE = YES;
				MACOSX_DEPLOYMENT_TARGET = 10.15;
				MTL_ENABLE_DEBUG_INFO = INCLUDE_SOURCE;
				MTL_FAST_MATH = YES;
				ONLY_ACTIVE_ARCH = YES;
				SDKROOT = macosx;
			};
			name = Debug;
		};
		C1EBB2CC2661865B00A2F6EB /* Release */ = {
			isa = XCBuildConfiguration;
			buildSettings = {
				ALWAYS_SEARCH_USER_PATHS = NO;
				CLANG_ANALYZER_NONNULL = YES;
				CLANG_ANALYZER_NUMBER_OBJECT_CONVERSION = YES_AGGRESSIVE;
				CLANG_CXX_LANGUAGE_STANDARD = "gnu++14";
				CLANG_CXX_LIBRARY = "libc++";
				CLANG_ENABLE_MODULES = YES;
				CLANG_ENABLE_OBJC_ARC = YES;
				CLANG_ENABLE_OBJC_WEAK = YES;
				CLANG_WARN_BLOCK_CAPTURE_AUTORELEASING = YES;
				CLANG_WARN_BOOL_CONVERSION = YES;
				CLANG_WARN_COMMA = YES;
				CLANG_WARN_CONSTANT_CONVERSION = YES;
				CLANG_WARN_DEPRECATED_OBJC_IMPLEMENTATIONS = YES;
				CLANG_WARN_DIRECT_OBJC_ISA_USAGE = YES_ERROR;
				CLANG_WARN_DOCUMENTATION_COMMENTS = YES;
				CLANG_WARN_EMPTY_BODY = YES;
				CLANG_WARN_ENUM_CONVERSION = YES;
				CLANG_WARN_INFINITE_RECURSION = YES;
				CLANG_WARN_INT_CONVERSION = YES;
				CLANG_WARN_NON_LITERAL_NULL_CONVERSION = YES;
				CLANG_WARN_OBJC_IMPLICIT_RETAIN_SELF = YES;
				CLANG_WARN_OBJC_LITERAL_CONVERSION = YES;
				CLANG_WARN_OBJC_ROOT_CLASS = YES_ERROR;
				CLANG_WARN_QUOTED_INCLUDE_IN_FRAMEWORK_HEADER = YES;
				CLANG_WARN_RANGE_LOOP_ANALYSIS = YES;
				CLANG_WARN_STRICT_PROTOTYPES = YES;
				CLANG_WARN_SUSPICIOUS_MOVE = YES;
				CLANG_WARN_UNGUARDED_AVAILABILITY = YES_AGGRESSIVE;
				CLANG_WARN_UNREACHABLE_CODE = YES;
				CLANG_WARN__DUPLICATE_METHOD_MATCH = YES;
				COPY_PHASE_STRIP = NO;
				DEBUG_INFORMATION_FORMAT = "dwarf-with-dsym";
				ENABLE_NS_ASSERTIONS = NO;
				ENABLE_STRICT_OBJC_MSGSEND = YES;
				GCC_C_LANGUAGE_STANDARD = gnu11;
				GCC_NO_COMMON_BLOCKS = YES;
				GCC_WARN_64_TO_32_BIT_CONVERSION = YES;
				GCC_WARN_ABOUT_RETURN_TYPE = YES_ERROR;
				GCC_WARN_UNDECLARED_SELECTOR = YES;
				GCC_WARN_UNINITIALIZED_AUTOS = YES_AGGRESSIVE;
				GCC_WARN_UNUSED_FUNCTION = YES;
				GCC_WARN_UNUSED_VARIABLE = YES;
				MACOSX_DEPLOYMENT_TARGET = 10.15;
				MTL_ENABLE_DEBUG_INFO = NO;
				MTL_FAST_MATH = YES;
				SDKROOT = macosx;
			};
			name = Release;
		};
		C1EBB2CE2661865B00A2F6EB /* Debug */ = {
			isa = XCBuildConfiguration;
			buildSettings = {
				CODE_SIGN_STYLE = Automatic;
				DYLIB_COMPATIBILITY_VERSION = 1;
				DYLIB_CURRENT_VERSION = 1;
				EXECUTABLE_PREFIX = "";
				PRODUCT_NAME = "$(TARGET_NAME)";
				SKIP_INSTALL = YES;
			};
			name = Debug;
		};
		C1EBB2CF2661865B00A2F6EB /* Release */ = {
			isa = XCBuildConfiguration;
			buildSettings = {
				CODE_SIGN_STYLE = Automatic;
				DYLIB_COMPATIBILITY_VERSION = 1;
				DYLIB_CURRENT_VERSION = 1;
				EXECUTABLE_PREFIX = "";
				PRODUCT_NAME = "$(TARGET_NAME)";
				SKIP_INSTALL = YES;
			};
			name = Release;
		};
/* End XCBuildConfiguration section */

/* Begin XCConfigurationList section */
		C1EBB2C42661865B00A2F6EB /* Build configuration list for PBXProject "morph_wt" */ = {
			isa = XCConfigurationList;
			buildConfigurations = (
				C1EBB2CB2661865B00A2F6EB /* Debug */,
				C1EBB2CC2661865B00A2F6EB /* Release */,
			);
			defaultConfigurationIsVisible = 0;
			defaultConfigurationName = Release;
		};
		C1EBB2CD2661865B00A2F6EB /* Build configuration list for PBXNativeTarget "morph_wt" */ = {
			isa = XCConfigurationList;
			buildConfigurations = (
				C1EBB2CE2661865B00A2F6EB /* Debug */,
				C1EBB2CF2661865B00A2F6EB /* Release */,
			);
			defaultConfigurationIsVisible = 0;
			defaultConfigurationName = Release;
		};
/* End XCConfigurationList section */
	};
	rootObject = C1EBB2C12661865B00A2F6EB /* Project object */;
}
