
Microsoft Visual Studio Solution File, Format Version 12.00
# Visual Studio 15
VisualStudioVersion = 15.0.27004.2009
MinimumVisualStudioVersion = 10.0.40219.1
Project("{8BC9CEB8-8B4A-11D0-8D11-00A0C91BC942}") = "morph_wt", "morph_wt\morph_wt.vcxproj", "{E1557140-3D25-41C1-813E-4E9677DE234E}"
EndProject
Global
	GlobalSection(SolutionConfigurationPlatforms) = preSolution
		Debug|x64 = Debug|x64
		Debug|x86 = Debug|x86
		Release|x64 = Release|x64
		Release|x86 = Release|x86
	EndGlobalSection
	GlobalSection(ProjectConfigurationPlatforms) = postSolution
		{E1557140-3D25-41C1-813E-4E9677DE234E}.Debug|x64.ActiveCfg = Debug|x64
		{E1557140-3D25-41C1-813E-4E9677DE234E}.Debug|x64.Build.0 = Debug|x64
		{E1557140-3D25-41C1-813E-4E9677DE234E}.Debug|x86.ActiveCfg = Debug|Win32
		{E1557140-3D25-41C1-813E-4E9677DE234E}.Debug|x86.Build.0 = Debug|Win32
		{E1557140-3D25-41C1-813E-4E9677DE234E}.Release|x64.ActiveCfg = Release|x64
		{E1557140-3D25-41C1-813E-4E9677DE234E}.Release|x64.Build.0 = Release|x64
		{E1557140-3D25-41C1-813E-4E9677DE234E}.Release|x86.ActiveCfg = Release|Win32
		{E1557140-3D25-41C1-813E-4E9677DE234E}.Release|x86.Build.0 = Release|Win32
	EndGlobalSection
	GlobalSection(SolutionProperties) = preSolution
		HideSolutionNode = FALSE
	EndGlobalSection
	GlobalSection(ExtensibilityGlobals) = postSolution
		SolutionGuid = {7017BA6F-529E-4C53-8822-F2043913DA12}
	EndGlobalSection
EndGlobal
