// !$*UTF8*$!
{
	archiveVersion = 1;
	classes = {
	};
	objectVersion = 50;
	objects = {

/* Begin PBXBuildFile section */
		C117C6BE26617B60009F53AA /* CoreFoundation.framework in Frameworks */ = {isa = PBXBuildFile; fileRef = C117C6BD26617B60009F53AA /* CoreFoundation.framework */; };
		C117C6C526617B88009F53AA /* synthlabdll.cpp in Sources */ = {isa = PBXBuildFile; fileRef = C117C6C126617B88009F53AA /* synthlabdll.cpp */; };
		C117C6C626617B88009F53AA /* synthlabcore.cpp in Sources */ = {isa = PBXBuildFile; fileRef = C117C6C226617B88009F53AA /* synthlabcore.cpp */; };
		C117C6C726617B88009F53AA /* synthlabcore.h in Headers */ = {isa = PBXBuildFile; fileRef = C117C6C326617B88009F53AA /* synthlabcore.h */; };
		C117C6C826617B88009F53AA /* synthlabdll.h in Headers */ = {isa = PBXBuildFile; fileRef = C117C6C426617B88009F53AA /* synthlabdll.h */; };
		C117C6D326617BAF009F53AA /* basiclookuptables.cpp in Sources */ = {isa = PBXBuildFile; fileRef = C117C6CA26617BAF009F53AA /* basiclookuptables.cpp */; };
		C117C6D426617BAF009F53AA /* bleptables.h in Headers */ = {isa = PBXBuildFile; fileRef = C117C6CB26617BAF009F53AA /* bleptables.h */; };
		C117C6D526617BAF009F53AA /* synthbase.h in Headers */ = {isa = PBXBuildFile; fileRef = C117C6CC26617BAF009F53AA /* synthbase.h */; };
		C117C6D626617BAF009F53AA /* basiclookuptables.h in Headers */ = {isa = PBXBuildFile; fileRef = C117C6CD26617BAF009F53AA /* basiclookuptables.h */; };
		C117C6D726617BAF009F53AA /* synthfunctions.h in Headers */ = {isa = PBXBuildFile; fileRef = C117C6CE26617BAF009F53AA /* synthfunctions.h */; };
		C117C6D826617BAF009F53AA /* synthbase.cpp in Sources */ = {isa = PBXBuildFile; fileRef = C117C6CF26617BAF009F53AA /* synthbase.cpp */; };
		C117C6D926617BAF009F53AA /* synthconstants.h in Headers */ = {isa = PBXBuildFile; fileRef = C117C6D026617BAF009F53AA /* synthconstants.h */; };
		C117C6DA26617BAF009F53AA /* synthstructures.h in Headers */ = {isa = PBXBuildFile; fileRef = C117C6D126617BAF009F53AA /* synthstructures.h */; };
		C117C6DB26617BAF009F53AA /* synthlabparams.h in Headers */ = {isa = PBXBuildFile; fileRef = C117C6D226617BAF009F53AA /* synthlabparams.h */; };
		C1EC4510266C084C001D2DDB /* biquad_filters.dylib in CopyFiles */ = {isa = PBXBuildFile; fileRef = C117C6B326617B3E009F53AA /* biquad_filters.dylib */; };
/* End PBXBuildFile section */

/* Begin PBXContainerItemProxy section */
		C1EC462F266C16AD001D2DDB /* PBXContainerItemProxy */ = {
			isa = PBXContainerItemProxy;
			containerPortal = C1EC462B266C16AD001D2DDB /* classic_lfo.xcodeproj */;
			proxyType = 2;
			remoteGlobalIDString = C117C6E626617E66009F53AA;
			remoteInfo = classic_lfo;
		};
/* End PBXContainerItemProxy section */

/* Begin PBXCopyFilesBuildPhase section */
		C1EC450F266C0842001D2DDB /* CopyFiles */ = {
			isa = PBXCopyFilesBuildPhase;
			buildActionMask = 2147483647;
			dstPath = "$(SRCROOT)/../../../dm_modules/x64/SynthLabModules/macos/filters";
			dstSubfolderSpec = 0;
			files = (
				C1EC4510266C084C001D2DDB /* biquad_filters.dylib in CopyFiles */,
			);
			runOnlyForDeploymentPostprocessing = 0;
		};
/* End PBXCopyFilesBuildPhase section */

/* Begin PBXFileReference section */
		C117C6B326617B3E009F53AA /* biquad_filters.dylib */ = {isa = PBXFileReference; explicitFileType = "compiled.mach-o.dylib"; includeInIndex = 0; path = biquad_filters.dylib; sourceTree = BUILT_PRODUCTS_DIR; };
		C117C6BD26617B60009F53AA /* CoreFoundation.framework */ = {isa = PBXFileReference; lastKnownFileType = wrapper.framework; name = CoreFoundation.framework; path = System/Library/Frameworks/CoreFoundation.framework; sourceTree = SDKROOT; };
		C117C6C126617B88009F53AA /* synthlabdll.cpp */ = {isa = PBXFileReference; fileEncoding = 4; lastKnownFileType = sourcecode.cpp.cpp; name = synthlabdll.cpp; path = ../source/synthlabdll.cpp; sourceTree = "<group>"; };
		C117C6C226617B88009F53AA /* synthlabcore.cpp */ = {isa = PBXFileReference; fileEncoding = 4; lastKnownFileType = sourcecode.cpp.cpp; name = synthlabcore.cpp; path = ../source/synthlabcore.cpp; sourceTree = "<group>"; };
		C117C6C326617B88009F53AA /* synthlabcore.h */ = {isa = PBXFileReference; fileEncoding = 4; lastKnownFileType = sourcecode.c.h; name = synthlabcore.h; path = ../source/synthlabcore.h; sourceTree = "<group>"; };
		C117C6C426617B88009F53AA /* synthlabdll.h */ = {isa = PBXFileReference; fileEncoding = 4; lastKnownFileType = sourcecode.c.h; name = synthlabdll.h; path = ../source/synthlabdll.h; sourceTree = "<group>"; };
		C117C6CA26617BAF009F53AA /* basiclookuptables.cpp */ = {isa = PBXFileReference; fileEncoding = 4; lastKnownFileType = sourcecode.cpp.cpp; name = basiclookuptables.cpp; path = ../../../sdk_files/basiclookuptables.cpp; sourceTree = "<group>"; };
		C117C6CB26617BAF009F53AA /* bleptables.h */ = {isa = PBXFileReference; fileEncoding = 4; lastKnownFileType = sourcecode.c.h; name = bleptables.h; path = ../../../sdk_files/bleptables.h; sourceTree = "<group>"; };
		C117C6CC26617BAF009F53AA /* synthbase.h */ = {isa = PBXFileReference; fileEncoding = 4; lastKnownFileType = sourcecode.c.h; name = synthbase.h; path = ../../../sdk_files/synthbase.h; sourceTree = "<group>"; };
		C117C6CD26617BAF009F53AA /* basiclookuptables.h */ = {isa = PBXFileReference; fileEncoding = 4; lastKnownFileType = sourcecode.c.h; name = basiclookuptables.h; path = ../../../sdk_files/basiclookuptables.h; sourceTree = "<group>"; };
		C117C6CE26617BAF009F53AA /* synthfunctions.h */ = {isa = PBXFileReference; fileEncoding = 4; lastKnownFileType = sourcecode.c.h; name = synthfunctions.h; path = ../../../sdk_files/synthfunctions.h; sourceTree = "<group>"; };
		C117C6CF26617BAF009F53AA /* synthbase.cpp */ = {isa = PBXFileReference; fileEncoding = 4; lastKnownFileType = sourcecode.cpp.cpp; name = synthbase.cpp; path = ../../../sdk_files/synthbase.cpp; sourceTree = "<group>"; };
		C117C6D026617BAF009F53AA /* synthconstants.h */ = {isa = PBXFileReference; fileEncoding = 4; lastKnownFileType = sourcecode.c.h; name = synthconstants.h; path = ../../../sdk_files/synthconstants.h; sourceTree = "<group>"; };
		C117C6D126617BAF009F53AA /* synthstructures.h */ = {isa = PBXFileReference; fileEncoding = 4; lastKnownFileType = sourcecode.c.h; name = synthstructures.h; path = ../../../sdk_files/synthstructures.h; sourceTree = "<group>"; };
		C117C6D226617BAF009F53AA /* synthlabparams.h */ = {isa = PBXFileReference; fileEncoding = 4; lastKnownFileType = sourcecode.c.h; name = synthlabparams.h; path = ../../../sdk_files/synthlabparams.h; sourceTree = "<group>"; };
		C1EC462B266C16AD001D2DDB /* classic_lfo.xcodeproj */ = {isa = PBXFileReference; lastKnownFileType = "wrapper.pb-project"; name = classic_lfo.xcodeproj; path = ../../classic_lfo/xcode_mac/classic_lfo.xcodeproj; sourceTree = "<group>"; };
/* End PBXFileReference section */

/* Begin PBXFrameworksBuildPhase section */
		C117C6B126617B3E009F53AA /* Frameworks */ = {
			isa = PBXFrameworksBuildPhase;
			buildActionMask = 2147483647;
			files = (
				C117C6BE26617B60009F53AA /* CoreFoundation.framework in Frameworks */,
			);
			runOnlyForDeploymentPostprocessing = 0;
		};
/* End PBXFrameworksBuildPhase section */

/* Begin PBXGroup section */
		C117C6AA26617B3E009F53AA = {
			isa = PBXGroup;
			children = (
				C1EC462B266C16AD001D2DDB /* classic_lfo.xcodeproj */,
				C117C6C026617B6B009F53AA /* sdk_files */,
				C117C6BF26617B64009F53AA /* module_core */,
				C117C6B426617B3E009F53AA /* Products */,
				C117C6BC26617B60009F53AA /* Frameworks */,
			);
			sourceTree = "<group>";
		};
		C117C6B426617B3E009F53AA /* Products */ = {
			isa = PBXGroup;
			children = (
				C117C6B326617B3E009F53AA /* biquad_filters.dylib */,
			);
			name = Products;
			sourceTree = "<group>";
		};
		C117C6BC26617B60009F53AA /* Frameworks */ = {
			isa = PBXGroup;
			children = (
				C117C6BD26617B60009F53AA /* CoreFoundation.framework */,
			);
			name = Frameworks;
			sourceTree = "<group>";
		};
		C117C6BF26617B64009F53AA /* module_core */ = {
			isa = PBXGroup;
			children = (
				C117C6C226617B88009F53AA /* synthlabcore.cpp */,
				C117C6C326617B88009F53AA /* synthlabcore.h */,
				C117C6C126617B88009F53AA /* synthlabdll.cpp */,
				C117C6C426617B88009F53AA /* synthlabdll.h */,
			);
			name = module_core;
			sourceTree = "<group>";
		};
		C117C6C026617B6B009F53AA /* sdk_files */ = {
			isa = PBXGroup;
			children = (
				C117C6CA26617BAF009F53AA /* basiclookuptables.cpp */,
				C117C6CD26617BAF009F53AA /* basiclookuptables.h */,
				C117C6CB26617BAF009F53AA /* bleptables.h */,
				C117C6CF26617BAF009F53AA /* synthbase.cpp */,
				C117C6CC26617BAF009F53AA /* synthbase.h */,
				C117C6D026617BAF009F53AA /* synthconstants.h */,
				C117C6CE26617BAF009F53AA /* synthfunctions.h */,
				C117C6D226617BAF009F53AA /* synthlabparams.h */,
				C117C6D126617BAF009F53AA /* synthstructures.h */,
			);
			name = sdk_files;
			sourceTree = "<group>";
		};
		C1EC462C266C16AD001D2DDB /* Products */ = {
			isa = PBXGroup;
			children = (
				C1EC4630266C16AD001D2DDB /* classic_lfo.dylib */,
			);
			name = Products;
			sourceTree = "<group>";
		};
/* End PBXGroup section */

/* Begin PBXHeadersBuildPhase section */
		C117C6AF26617B3E009F53AA /* Headers */ = {
			isa = PBXHeadersBuildPhase;
			buildActionMask = 2147483647;
			files = (
				C117C6D426617BAF009F53AA /* bleptables.h in Headers */,
				C117C6DA26617BAF009F53AA /* synthstructures.h in Headers */,
				C117C6D926617BAF009F53AA /* synthconstants.h in Headers */,
				C117C6DB26617BAF009F53AA /* synthlabparams.h in Headers */,
				C117C6C826617B88009F53AA /* synthlabdll.h in Headers */,
				C117C6D626617BAF009F53AA /* basiclookuptables.h in Headers */,
				C117C6D726617BAF009F53AA /* synthfunctions.h in Headers */,
				C117C6D526617BAF009F53AA /* synthbase.h in Headers */,
				C117C6C726617B88009F53AA /* synthlabcore.h in Headers */,
			);
			runOnlyForDeploymentPostprocessing = 0;
		};
/* End PBXHeadersBuildPhase section */

/* Begin PBXNativeTarget section */
		C117C6B226617B3E009F53AA /* biquad_filters */ = {
			isa = PBXNativeTarget;
			buildConfigurationList = C117C6B726617B3E009F53AA /* Build configuration list for PBXNativeTarget "biquad_filters" */;
			buildPhases = (
				C117C6AF26617B3E009F53AA /* Headers */,
				C117C6B026617B3E009F53AA /* Sources */,
				C117C6B126617B3E009F53AA /* Frameworks */,
				C1EC450F266C0842001D2DDB /* CopyFiles */,
			);
			buildRules = (
			);
			dependencies = (
			);
			name = biquad_filters;
			productName = biquad_filters;
			productReference = C117C6B326617B3E009F53AA /* biquad_filters.dylib */;
			productType = "com.apple.product-type.library.dynamic";
		};
/* End PBXNativeTarget section */

/* Begin PBXProject section */
		C117C6AB26617B3E009F53AA /* Project object */ = {
			isa = PBXProject;
			attributes = {
				LastUpgradeCheck = 1240;
				TargetAttributes = {
					C117C6B226617B3E009F53AA = {
						CreatedOnToolsVersion = 12.4;
					};
				};
			};
			buildConfigurationList = C117C6AE26617B3E009F53AA /* Build configuration list for PBXProject "biquad_filters" */;
			compatibilityVersion = "Xcode 9.3";
			developmentRegion = en;
			hasScannedForEncodings = 0;
			knownRegions = (
				en,
				Base,
			);
			mainGroup = C117C6AA26617B3E009F53AA;
			productRefGroup = C117C6B426617B3E009F53AA /* Products */;
			projectDirPath = "";
			projectReferences = (
				{
					ProductGroup = C1EC462C266C16AD001D2DDB /* Products */;
					ProjectRef = C1EC462B266C16AD001D2DDB /* classic_lfo.xcodeproj */;
				},
			);
			projectRoot = "";
			targets = (
				C117C6B226617B3E009F53AA /* biquad_filters */,
			);
		};
/* End PBXProject section */

/* Begin PBXReferenceProxy section */
		C1EC4630266C16AD001D2DDB /* classic_lfo.dylib */ = {
			isa = PBXReferenceProxy;
			fileType = "compiled.mach-o.dylib";
			path = classic_lfo.dylib;
			remoteRef = C1EC462F266C16AD001D2DDB /* PBXContainerItemProxy */;
			sourceTree = BUILT_PRODUCTS_DIR;
		};
/* End PBXReferenceProxy section */

/* Begin PBXSourcesBuildPhase section */
		C117C6B026617B3E009F53AA /* Sources */ = {
			isa = PBXSourcesBuildPhase;
			buildActionMask = 2147483647;
			files = (
				C117C6C526617B88009F53AA /* synthlabdll.cpp in Sources */,
				C117C6C626617B88009F53AA /* synthlabcore.cpp in Sources */,
				C117C6D326617BAF009F53AA /* basiclookuptables.cpp in Sources */,
				C117C6D826617BAF009F53AA /* synthbase.cpp in Sources */,
			);
			runOnlyForDeploymentPostprocessing = 0;
		};
/* End PBXSourcesBuildPhase section */

/* Begin XCBuildConfiguration section */
		C117C6B526617B3E009F53AA /* Debug */ = {
			isa = XCBuildConfiguration;
			buildSettings = {
				ALWAYS_SEARCH_USER_PATHS = NO;
				CLANG_ANALYZER_NONNULL = YES;
				CLANG_ANALYZER_NUMBER_OBJECT_CONVERSION = YES_AGGRESSIVE;
				CLANG_CXX_LANGUAGE_STANDARD = "gnu++14";
				CLANG_CXX_LIBRARY = "libc++";
				CLANG_ENABLE_MODULES = YES;
				CLANG_ENABLE_OBJC_ARC = YES;
				CLANG_ENABLE_OBJC_WEAK = YES;
				CLANG_WARN_BLOCK_CAPTURE_AUTORELEASING = YES;
				CLANG_WARN_BOOL_CONVERSION = YES;
				CLANG_WARN_COMMA = YES;
				CLANG_WARN_CONSTANT_CONVERSION = YES;
				CLANG_WARN_DEPRECATED_OBJC_IMPLEMENTATIONS = YES;
				CLANG_WARN_DIRECT_OBJC_ISA_USAGE = YES_ERROR;
				CLANG_WARN_DOCUMENTATION_COMMENTS = YES;
				CLANG_WARN_EMPTY_BODY = YES;
				CLANG_WARN_ENUM_CONVERSION = YES;
				CLANG_WARN_INFINITE_RECURSION = YES;
				CLANG_WARN_INT_CONVERSION = YES;
				CLANG_WARN_NON_LITERAL_NULL_CONVERSION = YES;
				CLANG_WARN_OBJC_IMPLICIT_RETAIN_SELF = YES;
				CLANG_WARN_OBJC_LITERAL_CONVERSION = YES;
				CLANG_WARN_OBJC_ROOT_CLASS = YES_ERROR;
				CLANG_WARN_QUOTED_INCLUDE_IN_FRAMEWORK_HEADER = YES;
				CLANG_WARN_RANGE_LOOP_ANALYSIS = YES;
				CLANG_WARN_STRICT_PROTOTYPES = YES;
				CLANG_WARN_SUSPICIOUS_MOVE = YES;
				CLANG_WARN_UNGUARDED_AVAILABILITY = YES_AGGRESSIVE;
				CLANG_WARN_UNREACHABLE_CODE = YES;
				CLANG_WARN__DUPLICATE_METHOD_MATCH = YES;
				COPY_PHASE_STRIP = NO;
				DEBUG_INFORMATION_FORMAT = dwarf;
				ENABLE_STRICT_OBJC_MSGSEND = YES;
				ENABLE_TESTABILITY = YES;
				GCC_C_LANGUAGE_STANDARD = gnu11;
				GCC_DYNAMIC_NO_PIC = NO;
				GCC_NO_COMMON_BLOCKS = YES;
				GCC_OPTIMIZATION_LEVEL = 0;
				GCC_PREPROCESSOR_DEFINITIONS = (
					"DEBUG=1",
					"$(inherited)",
				);
				GCC_WARN_64_TO_32_BIT_CONVERSION = YES;
				GCC_WARN_ABOUT_RETURN_TYPE = YES_ERROR;
				GCC_WARN_UNDECLARED_SELECTOR = YES;
				GCC_WARN_UNINITIALIZED_AUTOS = YES_AGGRESSIVE;
				GCC_WARN_UNUSED_FUNCTION = YES;
				GCC_WARN_UNUSED_VARIABLE = YES;
				MACOSX_DEPLOYMENT_TARGET = 10.15;
				MTL_ENABLE_DEBUG_INFO = INCLUDE_SOURCE;
				MTL_FAST_MATH = YES;
				ONLY_ACTIVE_ARCH = YES;
				SDKROOT = macosx;
			};
			name = Debug;
		};
		C117C6B626617B3E009F53AA /* Release */ = {
			isa = XCBuildConfiguration;
			buildSettings = {
				ALWAYS_SEARCH_USER_PATHS = NO;
				CLANG_ANALYZER_NONNULL = YES;
				CLANG_ANALYZER_NUMBER_OBJECT_CONVERSION = YES_AGGRESSIVE;
				CLANG_CXX_LANGUAGE_STANDARD = "gnu++14";
				CLANG_CXX_LIBRARY = "libc++";
				CLANG_ENABLE_MODULES = YES;
				CLANG_ENABLE_OBJC_ARC = YES;
				CLANG_ENABLE_OBJC_WEAK = YES;
				CLANG_WARN_BLOCK_CAPTURE_AUTORELEASING = YES;
				CLANG_WARN_BOOL_CONVERSION = YES;
				CLANG_WARN_COMMA = YES;
				CLANG_WARN_CONSTANT_CONVERSION = YES;
				CLANG_WARN_DEPRECATED_OBJC_IMPLEMENTATIONS = YES;
				CLANG_WARN_DIRECT_OBJC_ISA_USAGE = YES_ERROR;
				CLANG_WARN_DOCUMENTATION_COMMENTS = YES;
				CLANG_WARN_EMPTY_BODY = YES;
				CLANG_WARN_ENUM_CONVERSION = YES;
				CLANG_WARN_INFINITE_RECURSION = YES;
				CLANG_WARN_INT_CONVERSION = YES;
				CLANG_WARN_NON_LITERAL_NULL_CONVERSION = YES;
				CLANG_WARN_OBJC_IMPLICIT_RETAIN_SELF = YES;
				CLANG_WARN_OBJC_LITERAL_CONVERSION = YES;
				CLANG_WARN_OBJC_ROOT_CLASS = YES_ERROR;
				CLANG_WARN_QUOTED_INCLUDE_IN_FRAMEWORK_HEADER = YES;
				CLANG_WARN_RANGE_LOOP_ANALYSIS = YES;
				CLANG_WARN_STRICT_PROTOTYPES = YES;
				CLANG_WARN_SUSPICIOUS_MOVE = YES;
				CLANG_WARN_UNGUARDED_AVAILABILITY = YES_AGGRESSIVE;
				CLANG_WARN_UNREACHABLE_CODE = YES;
				CLANG_WARN__DUPLICATE_METHOD_MATCH = YES;
				COPY_PHASE_STRIP = NO;
				DEBUG_INFORMATION_FORMAT = "dwarf-with-dsym";
				ENABLE_NS_ASSERTIONS = NO;
				ENABLE_STRICT_OBJC_MSGSEND = YES;
				GCC_C_LANGUAGE_STANDARD = gnu11;
				GCC_NO_COMMON_BLOCKS = YES;
				GCC_WARN_64_TO_32_BIT_CONVERSION = YES;
				GCC_WARN_ABOUT_RETURN_TYPE = YES_ERROR;
				GCC_WARN_UNDECLARED_SELECTOR = YES;
				GCC_WARN_UNINITIALIZED_AUTOS = YES_AGGRESSIVE;
				GCC_WARN_UNUSED_FUNCTION = YES;
				GCC_WARN_UNUSED_VARIABLE = YES;
				MACOSX_DEPLOYMENT_TARGET = 10.15;
				MTL_ENABLE_DEBUG_INFO = NO;
				MTL_FAST_MATH = YES;
				SDKROOT = macosx;
			};
			name = Release;
		};
		C117C6B826617B3E009F53AA /* Debug */ = {
			isa = XCBuildConfiguration;
			buildSettings = {
				CODE_SIGN_STYLE = Automatic;
				DYLIB_COMPATIBILITY_VERSION = 1;
				DYLIB_CURRENT_VERSION = 1;
				EXECUTABLE_PREFIX = "";
				PRODUCT_NAME = "$(TARGET_NAME)";
				SKIP_INSTALL = YES;
			};
			name = Debug;
		};
		C117C6B926617B3E009F53AA /* Release */ = {
			isa = XCBuildConfiguration;
			buildSettings = {
				CODE_SIGN_STYLE = Automatic;
				DYLIB_COMPATIBILITY_VERSION = 1;
				DYLIB_CURRENT_VERSION = 1;
				EXECUTABLE_PREFIX = "";
				PRODUCT_NAME = "$(TARGET_NAME)";
				SKIP_INSTALL = YES;
			};
			name = Release;
		};
/* End XCBuildConfiguration section */

/* Begin XCConfigurationList section */
		C117C6AE26617B3E009F53AA /* Build configuration list for PBXProject "biquad_filters" */ = {
			isa = XCConfigurationList;
			buildConfigurations = (
				C117C6B526617B3E009F53AA /* Debug */,
				C117C6B626617B3E009F53AA /* Release */,
			);
			defaultConfigurationIsVisible = 0;
			defaultConfigurationName = Release;
		};
		C117C6B726617B3E009F53AA /* Build configuration list for PBXNativeTarget "biquad_filters" */ = {
			isa = XCConfigurationList;
			buildConfigurations = (
				C117C6B826617B3E009F53AA /* Debug */,
				C117C6B926617B3E009F53AA /* Release */,
			);
			defaultConfigurationIsVisible = 0;
			defaultConfigurationName = Release;
		};
/* End XCConfigurationList section */
	};
	rootObject = C117C6AB26617B3E009F53AA /* Project object */;
}
